
Microsoft Visual Studio Solution File, Format Version 12.00
# Visual Studio Version 17
VisualStudioVersion = 17.4.33110.190
MinimumVisualStudioVersion = 10.0.40219.1
Project("{FAE04EC0-301F-11D3-BF4B-00C04F79EFBC}") = "RabbitEyeBank", "RabbitEyeBank\RabbitEyeBank.csproj", "{7FB2214F-5361-4418-B84A-89EF07F43236}"
EndProject
Global
	GlobalSection(SolutionConfigurationPlatforms) = preSolution
		Debug|Any CPU = Debug|Any CPU
		Release|Any CPU = Release|Any CPU
	EndGlobalSection
	GlobalSection(ProjectConfigurationPlatforms) = postSolution
		{7FB2214F-5361-4418-B84A-89EF07F43236}.Debug|Any CPU.ActiveCfg = Debug|Any CPU
		{7FB2214F-5361-4418-B84A-89EF07F43236}.Debug|Any CPU.Build.0 = Debug|Any CPU
		{7FB2214F-5361-4418-B84A-89EF07F43236}.Release|Any CPU.ActiveCfg = Release|Any CPU
		{7FB2214F-5361-4418-B84A-89EF07F43236}.Release|Any CPU.Build.0 = Release|Any CPU
	EndGlobalSection
	GlobalSection(SolutionProperties) = preSolution
		HideSolutionNode = FALSE
	EndGlobalSection
	GlobalSection(ExtensibilityGlobals) = postSolution
		SolutionGuid = {AC45127E-3B5B-4C2D-A353-47CF9DD43DC9}
	EndGlobalSection
EndGlobal
